// !$*UTF8*$!
{
	archiveVersion = 1;
	classes = {
	};
	objectVersion = 46;
	objects = {

/* Begin PBXBuildFile section */
		922ED16C1AF27A8100030F85 /* AppDelegate.swift in Sources */ = {isa = PBXBuildFile; fileRef = 922ED16B1AF27A8100030F85 /* AppDelegate.swift */; };
		922ED16E1AF27A8100030F85 /* RecordSoundsViewController.swift in Sources */ = {isa = PBXBuildFile; fileRef = 922ED16D1AF27A8100030F85 /* RecordSoundsViewController.swift */; };
		922ED1711AF27A8100030F85 /* Main.storyboard in Resources */ = {isa = PBXBuildFile; fileRef = 922ED16F1AF27A8100030F85 /* Main.storyboard */; };
		922ED1731AF27A8100030F85 /* Images.xcassets in Resources */ = {isa = PBXBuildFile; fileRef = 922ED1721AF27A8100030F85 /* Images.xcassets */; };
		922ED1761AF27A8100030F85 /* LaunchScreen.xib in Resources */ = {isa = PBXBuildFile; fileRef = 922ED1741AF27A8100030F85 /* LaunchScreen.xib */; };
		922ED1821AF27A8100030F85 /* Pitch_PerfectTests.swift in Sources */ = {isa = PBXBuildFile; fileRef = 922ED1811AF27A8100030F85 /* Pitch_PerfectTests.swift */; };
		922ED18C1AF7B22000030F85 /* PlaySoundsViewController.swift in Sources */ = {isa = PBXBuildFile; fileRef = 922ED18B1AF7B22000030F85 /* PlaySoundsViewController.swift */; };
		922ED1931AF7CCBC00030F85 /* movie_quote.mp3 in Resources */ = {isa = PBXBuildFile; fileRef = 922ED1921AF7CCBC00030F85 /* movie_quote.mp3 */; };
		922ED1951AF7F27900030F85 /* RecordedAudio.swift in Sources */ = {isa = PBXBuildFile; fileRef = 922ED1941AF7F27900030F85 /* RecordedAudio.swift */; };
/* End PBXBuildFile section */

/* Begin PBXContainerItemProxy section */
		922ED17C1AF27A8100030F85 /* PBXContainerItemProxy */ = {
			isa = PBXContainerItemProxy;
			containerPortal = 922ED15E1AF27A8100030F85 /* Project object */;
			proxyType = 1;
			remoteGlobalIDString = 922ED1651AF27A8100030F85;
			remoteInfo = "Pitch Perfect";
		};
/* End PBXContainerItemProxy section */

/* Begin PBXFileReference section */
		922ED1661AF27A8100030F85 /* Pitch Perfect.app */ = {isa = PBXFileReference; explicitFileType = wrapper.application; includeInIndex = 0; path = "Pitch Perfect.app"; sourceTree = BUILT_PRODUCTS_DIR; };
		922ED16A1AF27A8100030F85 /* Info.plist */ = {isa = PBXFileReference; lastKnownFileType = text.plist.xml; path = Info.plist; sourceTree = "<group>"; };
		922ED16B1AF27A8100030F85 /* AppDelegate.swift */ = {isa = PBXFileReference; lastKnownFileType = sourcecode.swift; path = AppDelegate.swift; sourceTree = "<group>"; };
		922ED16D1AF27A8100030F85 /* RecordSoundsViewController.swift */ = {isa = PBXFileReference; lastKnownFileType = sourcecode.swift; path = RecordSoundsViewController.swift; sourceTree = "<group>"; };
		922ED1701AF27A8100030F85 /* Base */ = {isa = PBXFileReference; lastKnownFileType = file.storyboard; name = Base; path = Base.lproj/Main.storyboard; sourceTree = "<group>"; };
		922ED1721AF27A8100030F85 /* Images.xcassets */ = {isa = PBXFileReference; lastKnownFileType = folder.assetcatalog; path = Images.xcassets; sourceTree = "<group>"; };
		922ED1751AF27A8100030F85 /* Base */ = {isa = PBXFileReference; lastKnownFileType = file.xib; name = Base; path = Base.lproj/LaunchScreen.xib; sourceTree = "<group>"; };
		922ED17B1AF27A8100030F85 /* Pitch PerfectTests.xctest */ = {isa = PBXFileReference; explicitFileType = wrapper.cfbundle; includeInIndex = 0; path = "Pitch PerfectTests.xctest"; sourceTree = BUILT_PRODUCTS_DIR; };
		922ED1801AF27A8100030F85 /* Info.plist */ = {isa = PBXFileReference; lastKnownFileType = text.plist.xml; path = Info.plist; sourceTree = "<group>"; };
		922ED1811AF27A8100030F85 /* Pitch_PerfectTests.swift */ = {isa = PBXFileReference; lastKnownFileType = sourcecode.swift; path = Pitch_PerfectTests.swift; sourceTree = "<group>"; };
		922ED18B1AF7B22000030F85 /* PlaySoundsViewController.swift */ = {isa = PBXFileReference; fileEncoding = 4; lastKnownFileType = sourcecode.swift; path = PlaySoundsViewController.swift; sourceTree = "<group>"; };
		922ED1921AF7CCBC00030F85 /* movie_quote.mp3 */ = {isa = PBXFileReference; lastKnownFileType = audio.mp3; path = movie_quote.mp3; sourceTree = "<group>"; };
		922ED1941AF7F27900030F85 /* RecordedAudio.swift */ = {isa = PBXFileReference; fileEncoding = 4; lastKnownFileType = sourcecode.swift; path = RecordedAudio.swift; sourceTree = "<group>"; };
/* End PBXFileReference section */

/* Begin PBXFrameworksBuildPhase section */
		922ED1631AF27A8100030F85 /* Frameworks */ = {
			isa = PBXFrameworksBuildPhase;
			buildActionMask = 2147483647;
			files = (
			);
			runOnlyForDeploymentPostprocessing = 0;
		};
		922ED1781AF27A8100030F85 /* Frameworks */ = {
			isa = PBXFrameworksBuildPhase;
			buildActionMask = 2147483647;
			files = (
			);
			runOnlyForDeploymentPostprocessing = 0;
		};
/* End PBXFrameworksBuildPhase section */

/* Begin PBXGroup section */
		922ED15D1AF27A8100030F85 = {
			isa = PBXGroup;
			children = (
				922ED1681AF27A8100030F85 /* Pitch Perfect */,
				922ED17E1AF27A8100030F85 /* Pitch PerfectTests */,
				922ED1671AF27A8100030F85 /* Products */,
			);
			sourceTree = "<group>";
		};
		922ED1671AF27A8100030F85 /* Products */ = {
			isa = PBXGroup;
			children = (
				922ED1661AF27A8100030F85 /* Pitch Perfect.app */,
				922ED17B1AF27A8100030F85 /* Pitch PerfectTests.xctest */,
			);
			name = Products;
			sourceTree = "<group>";
		};
		922ED1681AF27A8100030F85 /* Pitch Perfect */ = {
			isa = PBXGroup;
			children = (
				922ED16B1AF27A8100030F85 /* AppDelegate.swift */,
				922ED16D1AF27A8100030F85 /* RecordSoundsViewController.swift */,
				922ED16F1AF27A8100030F85 /* Main.storyboard */,
				922ED1941AF7F27900030F85 /* RecordedAudio.swift */,
				922ED18B1AF7B22000030F85 /* PlaySoundsViewController.swift */,
				922ED1721AF27A8100030F85 /* Images.xcassets */,
				922ED1741AF27A8100030F85 /* LaunchScreen.xib */,
				922ED1691AF27A8100030F85 /* Supporting Files */,
			);
			path = "Pitch Perfect";
			sourceTree = "<group>";
		};
		922ED1691AF27A8100030F85 /* Supporting Files */ = {
			isa = PBXGroup;
			children = (
				922ED18F1AF7C6D800030F85 /* Sounds */,
				922ED16A1AF27A8100030F85 /* Info.plist */,
			);
			name = "Supporting Files";
			sourceTree = "<group>";
		};
		922ED17E1AF27A8100030F85 /* Pitch PerfectTests */ = {
			isa = PBXGroup;
			children = (
				922ED1811AF27A8100030F85 /* Pitch_PerfectTests.swift */,
				922ED17F1AF27A8100030F85 /* Supporting Files */,
			);
			path = "Pitch PerfectTests";
			sourceTree = "<group>";
		};
		922ED17F1AF27A8100030F85 /* Supporting Files */ = {
			isa = PBXGroup;
			children = (
				922ED1801AF27A8100030F85 /* Info.plist */,
			);
			name = "Supporting Files";
			sourceTree = "<group>";
		};
		922ED18F1AF7C6D800030F85 /* Sounds */ = {
			isa = PBXGroup;
			children = (
				922ED1921AF7CCBC00030F85 /* movie_quote.mp3 */,
			);
			name = Sounds;
			sourceTree = "<group>";
		};
/* End PBXGroup section */

/* Begin PBXNativeTarget section */
		922ED1651AF27A8100030F85 /* Pitch Perfect */ = {
			isa = PBXNativeTarget;
			buildConfigurationList = 922ED1851AF27A8100030F85 /* Build configuration list for PBXNativeTarget "Pitch Perfect" */;
			buildPhases = (
				922ED1621AF27A8100030F85 /* Sources */,
				922ED1631AF27A8100030F85 /* Frameworks */,
				922ED1641AF27A8100030F85 /* Resources */,
			);
			buildRules = (
			);
			dependencies = (
			);
			name = "Pitch Perfect";
			productName = "Pitch Perfect";
			productReference = 922ED1661AF27A8100030F85 /* Pitch Perfect.app */;
			productType = "com.apple.product-type.application";
		};
		922ED17A1AF27A8100030F85 /* Pitch PerfectTests */ = {
			isa = PBXNativeTarget;
			buildConfigurationList = 922ED1881AF27A8100030F85 /* Build configuration list for PBXNativeTarget "Pitch PerfectTests" */;
			buildPhases = (
				922ED1771AF27A8100030F85 /* Sources */,
				922ED1781AF27A8100030F85 /* Frameworks */,
				922ED1791AF27A8100030F85 /* Resources */,
			);
			buildRules = (
			);
			dependencies = (
				922ED17D1AF27A8100030F85 /* PBXTargetDependency */,
			);
			name = "Pitch PerfectTests";
			productName = "Pitch PerfectTests";
			productReference = 922ED17B1AF27A8100030F85 /* Pitch PerfectTests.xctest */;
			productType = "com.apple.product-type.bundle.unit-test";
		};
/* End PBXNativeTarget section */

/* Begin PBXProject section */
		922ED15E1AF27A8100030F85 /* Project object */ = {
			isa = PBXProject;
			attributes = {
				LastUpgradeCheck = 0630;
				ORGANIZATIONNAME = "Ben Fobar";
				TargetAttributes = {
					922ED1651AF27A8100030F85 = {
						CreatedOnToolsVersion = 6.3.1;
					};
					922ED17A1AF27A8100030F85 = {
						CreatedOnToolsVersion = 6.3.1;
						TestTargetID = 922ED1651AF27A8100030F85;
					};
				};
			};
			buildConfigurationList = 922ED1611AF27A8100030F85 /* Build configuration list for PBXProject "Pitch Perfect" */;
			compatibilityVersion = "Xcode 3.2";
			developmentRegion = English;
			hasScannedForEncodings = 0;
			knownRegions = (
				en,
				Base,
			);
			mainGroup = 922ED15D1AF27A8100030F85;
			productRefGroup = 922ED1671AF27A8100030F85 /* Products */;
			projectDirPath = "";
			projectRoot = "";
			targets = (
				922ED1651AF27A8100030F85 /* Pitch Perfect */,
				922ED17A1AF27A8100030F85 /* Pitch PerfectTests */,
			);
		};
/* End PBXProject section */

/* Begin PBXResourcesBuildPhase section */
		922ED1641AF27A8100030F85 /* Resources */ = {
			isa = PBXResourcesBuildPhase;
			buildActionMask = 2147483647;
			files = (
				922ED1711AF27A8100030F85 /* Main.storyboard in Resources */,
				922ED1761AF27A8100030F85 /* LaunchScreen.xib in Resources */,
				922ED1931AF7CCBC00030F85 /* movie_quote.mp3 in Resources */,
				922ED1731AF27A8100030F85 /* Images.xcassets in Resources */,
			);
			runOnlyForDeploymentPostprocessing = 0;
		};
		922ED1791AF27A8100030F85 /* Resources */ = {
			isa = PBXResourcesBuildPhase;
			buildActionMask = 2147483647;
			files = (
			);
			runOnlyForDeploymentPostprocessing = 0;
		};
/* End PBXResourcesBuildPhase section */

/* Begin PBXSourcesBuildPhase section */
		922ED1621AF27A8100030F85 /* Sources */ = {
			isa = PBXSourcesBuildPhase;
			buildActionMask = 2147483647;
			files = (
				922ED1951AF7F27900030F85 /* RecordedAudio.swift in Sources */,
				922ED16E1AF27A8100030F85 /* RecordSoundsViewController.swift in Sources */,
				922ED18C1AF7B22000030F85 /* PlaySoundsViewController.swift in Sources */,
				922ED16C1AF27A8100030F85 /* AppDelegate.swift in Sources */,
			);
			runOnlyForDeploymentPostprocessing = 0;
		};
		922ED1771AF27A8100030F85 /* Sources */ = {
			isa = PBXSourcesBuildPhase;
			buildActionMask = 2147483647;
			files = (
				922ED1821AF27A8100030F85 /* Pitch_PerfectTests.swift in Sources */,
			);
			runOnlyForDeploymentPostprocessing = 0;
		};
/* End PBXSourcesBuildPhase section */

/* Begin PBXTargetDependency section */
		922ED17D1AF27A8100030F85 /* PBXTargetDependency */ = {
			isa = PBXTargetDependency;
			target = 922ED1651AF27A8100030F85 /* Pitch Perfect */;
			targetProxy = 922ED17C1AF27A8100030F85 /* PBXContainerItemProxy */;
		};
/* End PBXTargetDependency section */

/* Begin PBXVariantGroup section */
		922ED16F1AF27A8100030F85 /* Main.storyboard */ = {
			isa = PBXVariantGroup;
			children = (
				922ED1701AF27A8100030F85 /* Base */,
			);
			name = Main.storyboard;
			sourceTree = "<group>";
		};
		922ED1741AF27A8100030F85 /* LaunchScreen.xib */ = {
			isa = PBXVariantGroup;
			children = (
				922ED1751AF27A8100030F85 /* Base */,
			);
			name = LaunchScreen.xib;
			sourceTree = "<group>";
		};
/* End PBXVariantGroup section */

/* Begin XCBuildConfiguration section */
		922ED1831AF27A8100030F85 /* Debug */ = {
			isa = XCBuildConfiguration;
			buildSettings = {
				ALWAYS_SEARCH_USER_PATHS = NO;
				CLANG_CXX_LANGUAGE_STANDARD = "gnu++0x";
				CLANG_CXX_LIBRARY = "libc++";
				CLANG_ENABLE_MODULES = YES;
				CLANG_ENABLE_OBJC_ARC = YES;
				CLANG_WARN_BOOL_CONVERSION = YES;
				CLANG_WARN_CONSTANT_CONVERSION = YES;
				CLANG_WARN_DIRECT_OBJC_ISA_USAGE = YES_ERROR;
				CLANG_WARN_EMPTY_BODY = YES;
				CLANG_WARN_ENUM_CONVERSION = YES;
				CLANG_WARN_INT_CONVERSION = YES;
				CLANG_WARN_OBJC_ROOT_CLASS = YES_ERROR;
				CLANG_WARN_UNREACHABLE_CODE = YES;
				CLANG_WARN__DUPLICATE_METHOD_MATCH = YES;
				"CODE_SIGN_IDENTITY[sdk=iphoneos*]" = "iPhone Developer";
				COPY_PHASE_STRIP = NO;
				DEBUG_INFORMATION_FORMAT = "dwarf-with-dsym";
				ENABLE_STRICT_OBJC_MSGSEND = YES;
				GCC_C_LANGUAGE_STANDARD = gnu99;
				GCC_DYNAMIC_NO_PIC = NO;
				GCC_NO_COMMON_BLOCKS = YES;
				GCC_OPTIMIZATION_LEVEL = 0;
				GCC_PREPROCESSOR_DEFINITIONS = (
					"DEBUG=1",
					"$(inherited)",
				);
				GCC_SYMBOLS_PRIVATE_EXTERN = NO;
				GCC_WARN_64_TO_32_BIT_CONVERSION = YES;
				GCC_WARN_ABOUT_RETURN_TYPE = YES_ERROR;
				GCC_WARN_UNDECLARED_SELECTOR = YES;
				GCC_WARN_UNINITIALIZED_AUTOS = YES_AGGRESSIVE;
				GCC_WARN_UNUSED_FUNCTION = YES;
				GCC_WARN_UNUSED_VARIABLE = YES;
				IPHONEOS_DEPLOYMENT_TARGET = 8.3;
				MTL_ENABLE_DEBUG_INFO = YES;
				ONLY_ACTIVE_ARCH = YES;
				SDKROOT = iphoneos;
				SWIFT_OPTIMIZATION_LEVEL = "-Onone";
			};
			name = Debug;
		};
		922ED1841AF27A8100030F85 /* Release */ = {
			isa = XCBuildConfiguration;
			buildSettings = {
				ALWAYS_SEARCH_USER_PATHS = NO;
				CLANG_CXX_LANGUAGE_STANDARD = "gnu++0x";
				CLANG_CXX_LIBRARY = "libc++";
				CLANG_ENABLE_MODULES = YES;
				CLANG_ENABLE_OBJC_ARC = YES;
				CLANG_WARN_BOOL_CONVERSION = YES;
				CLANG_WARN_CONSTANT_CONVERSION = YES;
				CLANG_WARN_DIRECT_OBJC_ISA_USAGE = YES_ERROR;
				CLANG_WARN_EMPTY_BODY = YES;
				CLANG_WARN_ENUM_CONVERSION = YES;
				CLANG_WARN_INT_CONVERSION = YES;
				CLANG_WARN_OBJC_ROOT_CLASS = YES_ERROR;
				CLANG_WARN_UNREACHABLE_CODE = YES;
				CLANG_WARN__DUPLICATE_METHOD_MATCH = YES;
				"CODE_SIGN_IDENTITY[sdk=iphoneos*]" = "iPhone Developer";
				COPY_PHASE_STRIP = NO;
				DEBUG_INFORMATION_FORMAT = "dwarf-with-dsym";
				ENABLE_NS_ASSERTIONS = NO;
				ENABLE_STRICT_OBJC_MSGSEND = YES;
				GCC_C_LANGUAGE_STANDARD = gnu99;
				GCC_NO_COMMON_BLOCKS = YES;
				GCC_WARN_64_TO_32_BIT_CONVERSION = YES;
				GCC_WARN_ABOUT_RETURN_TYPE = YES_ERROR;
				GCC_WARN_UNDECLARED_SELECTOR = YES;
				GCC_WARN_UNINITIALIZED_AUTOS = YES_AGGRESSIVE;
				GCC_WARN_UNUSED_FUNCTION = YES;
				GCC_WARN_UNUSED_VARIABLE = YES;
				IPHONEOS_DEPLOYMENT_TARGET = 8.3;
				MTL_ENABLE_DEBUG_INFO = NO;
				SDKROOT = iphoneos;
				VALIDATE_PRODUCT = YES;
			};
			name = Release;
		};
		922ED1861AF27A8100030F85 /* Debug */ = {
			isa = XCBuildConfiguration;
			buildSettings = {
				ASSETCATALOG_COMPILER_APPICON_NAME = AppIcon;
				INFOPLIST_FILE = "Pitch Perfect/Info.plist";
				LD_RUNPATH_SEARCH_PATHS = "$(inherited) @executable_path/Frameworks";
				PRODUCT_NAME = "$(TARGET_NAME)";
			};
			name = Debug;
		};
		922ED1871AF27A8100030F85 /* Release */ = {
			isa = XCBuildConfiguration;
			buildSettings = {
				ASSETCATALOG_COMPILER_APPICON_NAME = AppIcon;
				INFOPLIST_FILE = "Pitch Perfect/Info.plist";
				LD_RUNPATH_SEARCH_PATHS = "$(inherited) @executable_path/Frameworks";
				PRODUCT_NAME = "$(TARGET_NAME)";
			};
			name = Release;
		};
		922ED1891AF27A8100030F85 /* Debug */ = {
			isa = XCBuildConfiguration;
			buildSettings = {
				BUNDLE_LOADER = "$(TEST_HOST)";
				FRAMEWORK_SEARCH_PATHS = (
					"$(SDKROOT)/Developer/Library/Frameworks",
					"$(inherited)",
				);
				GCC_PREPROCESSOR_DEFINITIONS = (
					"DEBUG=1",
					"$(inherited)",
				);
				INFOPLIST_FILE = "Pitch PerfectTests/Info.plist";
				LD_RUNPATH_SEARCH_PATHS = "$(inherited) @executable_path/Frameworks @loader_path/Frameworks";
				PRODUCT_NAME = "$(TARGET_NAME)";
				TEST_HOST = "$(BUILT_PRODUCTS_DIR)/Pitch Perfect.app/Pitch Perfect";
			};
			name = Debug;
		};
		922ED18A1AF27A8100030F85 /* Release */ = {
			isa = XCBuildConfiguration;
			buildSettings = {
				BUNDLE_LOADER = "$(TEST_HOST)";
				FRAMEWORK_SEARCH_PATHS = (
					"$(SDKROOT)/Developer/Library/Frameworks",
					"$(inherited)",
				);
				INFOPLIST_FILE = "Pitch PerfectTests/Info.plist";
				LD_RUNPATH_SEARCH_PATHS = "$(inherited) @executable_path/Frameworks @loader_path/Frameworks";
				PRODUCT_NAME = "$(TARGET_NAME)";
				TEST_HOST = "$(BUILT_PRODUCTS_DIR)/Pitch Perfect.app/Pitch Perfect";
			};
			name = Release;
		};
/* End XCBuildConfiguration section */

/* Begin XCConfigurationList section */
		922ED1611AF27A8100030F85 /* Build configuration list for PBXProject "Pitch Perfect" */ = {
			isa = XCConfigurationList;
			buildConfigurations = (
				922ED1831AF27A8100030F85 /* Debug */,
				922ED1841AF27A8100030F85 /* Release */,
			);
			defaultConfigurationIsVisible = 0;
			defaultConfigurationName = Release;
		};
		922ED1851AF27A8100030F85 /* Build configuration list for PBXNativeTarget "Pitch Perfect" */ = {
			isa = XCConfigurationList;
			buildConfigurations = (
				922ED1861AF27A8100030F85 /* Debug */,
				922ED1871AF27A8100030F85 /* Release */,
			);
			defaultConfigurationIsVisible = 0;
		};
		922ED1881AF27A8100030F85 /* Build configuration list for PBXNativeTarget "Pitch PerfectTests" */ = {
			isa = XCConfigurationList;
			buildConfigurations = (
				922ED1891AF27A8100030F85 /* Debug */,
				922ED18A1AF27A8100030F85 /* Release */,
			);
			defaultConfigurationIsVisible = 0;
		};
/* End XCConfigurationList section */
	};
	rootObject = 922ED15E1AF27A8100030F85 /* Project object */;
}
